
Microsoft Visual Studio Solution File, Format Version 12.00
# Visual Studio Version 16
VisualStudioVersion = 16.0.30204.135
MinimumVisualStudioVersion = 10.0.40219.1
Project("{8BC9CEB8-8B4A-11D0-8D11-00A0C91BC942}") = "core", "core.vcxproj", "{A3D0A9FF-08AB-4EB4-85B2-4683CD8F2AB8}"
EndProject
Global
	GlobalSection(SolutionConfigurationPlatforms) = preSolution
		Debug|x64 = Debug|x64
		Debug|x86 = Debug|x86
		Release|x64 = Release|x64
		Release|x86 = Release|x86
	EndGlobalSection
	GlobalSection(ProjectConfigurationPlatforms) = postSolution
		{A3D0A9FF-08AB-4EB4-85B2-4683CD8F2AB8}.Debug|x64.ActiveCfg = Debug|x64
		{A3D0A9FF-08AB-4EB4-85B2-4683CD8F2AB8}.Debug|x64.Build.0 = Debug|x64
		{A3D0A9FF-08AB-4EB4-85B2-4683CD8F2AB8}.Debug|x86.ActiveCfg = Debug|Win32
		{A3D0A9FF-08AB-4EB4-85B2-4683CD8F2AB8}.Debug|x86.Build.0 = Debug|Win32
		{A3D0A9FF-08AB-4EB4-85B2-4683CD8F2AB8}.Release|x64.ActiveCfg = Release|x64
		{A3D0A9FF-08AB-4EB4-85B2-4683CD8F2AB8}.Release|x64.Build.0 = Release|x64
		{A3D0A9FF-08AB-4EB4-85B2-4683CD8F2AB8}.Release|x86.ActiveCfg = Release|Win32
		{A3D0A9FF-08AB-4EB4-85B2-4683CD8F2AB8}.Release|x86.Build.0 = Release|Win32
	EndGlobalSection
	GlobalSection(SolutionProperties) = preSolution
		HideSolutionNode = FALSE
	EndGlobalSection
	GlobalSection(ExtensibilityGlobals) = postSolution
		SolutionGuid = {CC57DBEF-9414-469B-9A0E-60F137D81E83}
	EndGlobalSection
EndGlobal
